
Microsoft Visual Studio Solution File, Format Version 12.00
# Visual Studio Version 17
VisualStudioVersion = 17.6.33712.159
MinimumVisualStudioVersion = 10.0.40219.1
Project("{9A19103F-16F7-4668-BE54-9A1E7A4F7556}") = "ConsoleApp36", "ConsoleApp36\ConsoleApp36.csproj", "{C774BCF3-4123-4E57-9D17-FBF7A76901E0}"
EndProject
Global
	GlobalSection(SolutionConfigurationPlatforms) = preSolution
		Debug|Any CPU = Debug|Any CPU
		Release|Any CPU = Release|Any CPU
	EndGlobalSection
	GlobalSection(ProjectConfigurationPlatforms) = postSolution
		{C774BCF3-4123-4E57-9D17-FBF7A76901E0}.Debug|Any CPU.ActiveCfg = Debug|Any CPU
		{C774BCF3-4123-4E57-9D17-FBF7A76901E0}.Debug|Any CPU.Build.0 = Debug|Any CPU
		{C774BCF3-4123-4E57-9D17-FBF7A76901E0}.Release|Any CPU.ActiveCfg = Release|Any CPU
		{C774BCF3-4123-4E57-9D17-FBF7A76901E0}.Release|Any CPU.Build.0 = Release|Any CPU
	EndGlobalSection
	GlobalSection(SolutionProperties) = preSolution
		HideSolutionNode = FALSE
	EndGlobalSection
	GlobalSection(ExtensibilityGlobals) = postSolution
		SolutionGuid = {FBC10B8C-EFD3-46B2-A7BE-4EA0E9283D09}
	EndGlobalSection
EndGlobal
